
Microsoft Visual Studio Solution File, Format Version 12.00
# Visual Studio Version 16
VisualStudioVersion = 16.0.29102.190
MinimumVisualStudioVersion = 10.0.40219.1
Project("{FAE04EC0-301F-11D3-BF4B-00C04F79EFBC}") = "Test2", "Test2.csproj", "{2D1F2D0D-461E-4DE1-833E-56997C7ADC0F}"
EndProject
Global
	GlobalSection(SolutionConfigurationPlatforms) = preSolution
		Debug|Any CPU = Debug|Any CPU
		Release|Any CPU = Release|Any CPU
	EndGlobalSection
	GlobalSection(ProjectConfigurationPlatforms) = postSolution
		{2D1F2D0D-461E-4DE1-833E-56997C7ADC0F}.Debug|Any CPU.ActiveCfg = Debug|Any CPU
		{2D1F2D0D-461E-4DE1-833E-56997C7ADC0F}.Debug|Any CPU.Build.0 = Debug|Any CPU
		{2D1F2D0D-461E-4DE1-833E-56997C7ADC0F}.Release|Any CPU.ActiveCfg = Release|Any CPU
		{2D1F2D0D-461E-4DE1-833E-56997C7ADC0F}.Release|Any CPU.Build.0 = Release|Any CPU
	EndGlobalSection
	GlobalSection(SolutionProperties) = preSolution
		HideSolutionNode = FALSE
	EndGlobalSection
	GlobalSection(ExtensibilityGlobals) = postSolution
		SolutionGuid = {E6B44B32-9018-41F1-BC46-1AE054D894BA}
	EndGlobalSection
EndGlobal
